<?xml version="1.0" encoding="utf-8"?>
<Project ToolsVersion="4.0" xmlns="http://schemas.microsoft.com/developer/msbuild/2003">
  <ItemGroup>
    <Filter Include="Assets">
      <UniqueIdentifier>cdcdcbbb-14df-423a-9dbf-aad76825754d</UniqueIdentifier>
      <Extensions>bmp;fbx;gif;jpg;jpeg;tga;tiff;tif;png</Extensions>
    </Filter>
    <Image Include="Assets\LockScreenLogo.scale-200.png">
      <Filter>Assets</Filter>
    </Image>
    <Image Include="Assets\SplashScreen.scale-200.png">
      <Filter>Assets</Filter>
    </Image>
    <Image Include="Assets\Square150x150Logo.scale-200.png">
      <Filter>Assets</Filter>
    </Image>
    <Image Include="Assets\Square44x44Logo.scale-200.png">
      <Filter>Assets</Filter>
    </Image>
    <Image Include="Assets\Square44x44Logo.targetsize-24_altform-unplated.png">
      <Filter>Assets</Filter>
    </Image>
    <Image Include="Assets\Wide310x150Logo.scale-200.png">
      <Filter>Assets</Filter>
    </Image>
  </ItemGroup>
  <ItemGroup>
    <Image Include="Assets\StoreLogo.png">
      <Filter>Assets</Filter>
    </Image>
  </ItemGroup>
  <ItemGroup>
    <AppxManifest Include="Package.appxmanifest" />
  </ItemGroup>
  <ItemGroup>
    <ClCompile Include="..\..\celeste.c" />
    <ClCompile Include="..\..\sdl12main.c" />
    <ClCompile Include="..\..\sdl20compat.inc.c" />
    <ClCompile Include="..\..\ext\SDL2\src\main\winrt\SDL_winrt_main_NonXAML.cpp" />
  </ItemGroup>
  <ItemGroup>
    <ClInclude Include="..\..\celeste.h" />
    <ClInclude Include="..\..\tilemap.h" />
  </ItemGroup>
  <ItemGroup>
    <None Include="..\..\ext\SDL2\src\main\winrt\SDL2-WinRTResource_BlankCursor.cur" />
  </ItemGroup>
  <ItemGroup>
    <ResourceCompile Include="..\..\ext\SDL2\src\main\winrt\SDL2-WinRTResources.rc" />
  </ItemGroup>
</Project>